
Microsoft Visual Studio Solution File, Format Version 12.00
# Visual Studio 14
VisualStudioVersion = 14.0.25420.1
MinimumVisualStudioVersion = 10.0.40219.1
Project("{FAE04EC0-301F-11D3-BF4B-00C04F79EFBC}") = "ScissorsStonesPapers", "ScissorsStonesPapers\ScissorsStonesPapers\ScissorsStonesPapers.csproj", "{28DBB8E6-541F-4130-AF33-D3F0A0D497C8}"
EndProject
Project("{FAE04EC0-301F-11D3-BF4B-00C04F79EFBC}") = "ScissorsStonesPapers.Droid", "ScissorsStonesPapers\ScissorsStonesPapers.Droid\ScissorsStonesPapers.Droid.csproj", "{A13BEC2D-8E74-46E7-B3AB-F21B8C0600BB}"
EndProject
Project("{FAE04EC0-301F-11D3-BF4B-00C04F79EFBC}") = "ScissorsStonesPapers.iOS", "ScissorsStonesPapers\ScissorsStonesPapers.iOS\ScissorsStonesPapers.iOS.csproj", "{11007F18-0271-47B5-AE7F-90122BFA007C}"
EndProject
Project("{FAE04EC0-301F-11D3-BF4B-00C04F79EFBC}") = "ScissorsStonesPapers.WinPhone", "ScissorsStonesPapers\ScissorsStonesPapers.WinPhone\ScissorsStonesPapers.WinPhone.csproj", "{33C7D96C-6E0E-4F3F-A073-CA31640AC6B5}"
EndProject
Project("{FAE04EC0-301F-11D3-BF4B-00C04F79EFBC}") = "ScissorsStonesPapers.Windows", "ScissorsStonesPapers\ScissorsStonesPapers.Windows\ScissorsStonesPapers.Windows.csproj", "{B18752FA-AF36-4AD9-9BEF-0C8C58D5C16E}"
EndProject
Global
	GlobalSection(SolutionConfigurationPlatforms) = preSolution
		Ad-Hoc|Any CPU = Ad-Hoc|Any CPU
		Ad-Hoc|ARM = Ad-Hoc|ARM
		Ad-Hoc|iPhone = Ad-Hoc|iPhone
		Ad-Hoc|iPhoneSimulator = Ad-Hoc|iPhoneSimulator
		Ad-Hoc|x64 = Ad-Hoc|x64
		Ad-Hoc|x86 = Ad-Hoc|x86
		AppStore|Any CPU = AppStore|Any CPU
		AppStore|ARM = AppStore|ARM
		AppStore|iPhone = AppStore|iPhone
		AppStore|iPhoneSimulator = AppStore|iPhoneSimulator
		AppStore|x64 = AppStore|x64
		AppStore|x86 = AppStore|x86
		Debug|Any CPU = Debug|Any CPU
		Debug|ARM = Debug|ARM
		Debug|iPhone = Debug|iPhone
		Debug|iPhoneSimulator = Debug|iPhoneSimulator
		Debug|x64 = Debug|x64
		Debug|x86 = Debug|x86
		Release|Any CPU = Release|Any CPU
		Release|ARM = Release|ARM
		Release|iPhone = Release|iPhone
		Release|iPhoneSimulator = Release|iPhoneSimulator
		Release|x64 = Release|x64
		Release|x86 = Release|x86
	EndGlobalSection
	GlobalSection(ProjectConfigurationPlatforms) = postSolution
		{28DBB8E6-541F-4130-AF33-D3F0A0D497C8}.Ad-Hoc|Any CPU.ActiveCfg = Release|Any CPU
		{28DBB8E6-541F-4130-AF33-D3F0A0D497C8}.Ad-Hoc|Any CPU.Build.0 = Release|Any CPU
		{28DBB8E6-541F-4130-AF33-D3F0A0D497C8}.Ad-Hoc|ARM.ActiveCfg = Release|Any CPU
		{28DBB8E6-541F-4130-AF33-D3F0A0D497C8}.Ad-Hoc|ARM.Build.0 = Release|Any CPU
		{28DBB8E6-541F-4130-AF33-D3F0A0D497C8}.Ad-Hoc|iPhone.ActiveCfg = Release|Any CPU
		{28DBB8E6-541F-4130-AF33-D3F0A0D497C8}.Ad-Hoc|iPhone.Build.0 = Release|Any CPU
		{28DBB8E6-541F-4130-AF33-D3F0A0D497C8}.Ad-Hoc|iPhoneSimulator.ActiveCfg = Release|Any CPU
		{28DBB8E6-541F-4130-AF33-D3F0A0D497C8}.Ad-Hoc|iPhoneSimulator.Build.0 = Release|Any CPU
		{28DBB8E6-541F-4130-AF33-D3F0A0D497C8}.Ad-Hoc|x64.ActiveCfg = Release|Any CPU
		{28DBB8E6-541F-4130-AF33-D3F0A0D497C8}.Ad-Hoc|x64.Build.0 = Release|Any CPU
		{28DBB8E6-541F-4130-AF33-D3F0A0D497C8}.Ad-Hoc|x86.ActiveCfg = Release|Any CPU
		{28DBB8E6-541F-4130-AF33-D3F0A0D497C8}.Ad-Hoc|x86.Build.0 = Release|Any CPU
		{28DBB8E6-541F-4130-AF33-D3F0A0D497C8}.AppStore|Any CPU.ActiveCfg = Release|Any CPU
		{28DBB8E6-541F-4130-AF33-D3F0A0D497C8}.AppStore|Any CPU.Build.0 = Release|Any CPU
		{28DBB8E6-541F-4130-AF33-D3F0A0D497C8}.AppStore|ARM.ActiveCfg = Release|Any CPU
		{28DBB8E6-541F-4130-AF33-D3F0A0D497C8}.AppStore|ARM.Build.0 = Release|Any CPU
		{28DBB8E6-541F-4130-AF33-D3F0A0D497C8}.AppStore|iPhone.ActiveCfg = Release|Any CPU
		{28DBB8E6-541F-4130-AF33-D3F0A0D497C8}.AppStore|iPhone.Build.0 = Release|Any CPU
		{28DBB8E6-541F-4130-AF33-D3F0A0D497C8}.AppStore|iPhoneSimulator.ActiveCfg = Release|Any CPU
		{28DBB8E6-541F-4130-AF33-D3F0A0D497C8}.AppStore|iPhoneSimulator.Build.0 = Release|Any CPU
		{28DBB8E6-541F-4130-AF33-D3F0A0D497C8}.AppStore|x64.ActiveCfg = Release|Any CPU
		{28DBB8E6-541F-4130-AF33-D3F0A0D497C8}.AppStore|x64.Build.0 = Release|Any CPU
		{28DBB8E6-541F-4130-AF33-D3F0A0D497C8}.AppStore|x86.ActiveCfg = Release|Any CPU
		{28DBB8E6-541F-4130-AF33-D3F0A0D497C8}.AppStore|x86.Build.0 = Release|Any CPU
		{28DBB8E6-541F-4130-AF33-D3F0A0D497C8}.Debug|Any CPU.ActiveCfg = Debug|Any CPU
		{28DBB8E6-541F-4130-AF33-D3F0A0D497C8}.Debug|Any CPU.Build.0 = Debug|Any CPU
		{28DBB8E6-541F-4130-AF33-D3F0A0D497C8}.Debug|ARM.ActiveCfg = Debug|Any CPU
		{28DBB8E6-541F-4130-AF33-D3F0A0D497C8}.Debug|ARM.Build.0 = Debug|Any CPU
		{28DBB8E6-541F-4130-AF33-D3F0A0D497C8}.Debug|iPhone.ActiveCfg = Debug|Any CPU
		{28DBB8E6-541F-4130-AF33-D3F0A0D497C8}.Debug|iPhone.Build.0 = Debug|Any CPU
		{28DBB8E6-541F-4130-AF33-D3F0A0D497C8}.Debug|iPhoneSimulator.ActiveCfg = Debug|Any CPU
		{28DBB8E6-541F-4130-AF33-D3F0A0D497C8}.Debug|iPhoneSimulator.Build.0 = Debug|Any CPU
		{28DBB8E6-541F-4130-AF33-D3F0A0D497C8}.Debug|x64.ActiveCfg = Debug|Any CPU
		{28DBB8E6-541F-4130-AF33-D3F0A0D497C8}.Debug|x64.Build.0 = Debug|Any CPU
		{28DBB8E6-541F-4130-AF33-D3F0A0D497C8}.Debug|x86.ActiveCfg = Debug|Any CPU
		{28DBB8E6-541F-4130-AF33-D3F0A0D497C8}.Debug|x86.Build.0 = Debug|Any CPU
		{28DBB8E6-541F-4130-AF33-D3F0A0D497C8}.Release|Any CPU.ActiveCfg = Release|Any CPU
		{28DBB8E6-541F-4130-AF33-D3F0A0D497C8}.Release|Any CPU.Build.0 = Release|Any CPU
		{28DBB8E6-541F-4130-AF33-D3F0A0D497C8}.Release|ARM.ActiveCfg = Release|Any CPU
		{28DBB8E6-541F-4130-AF33-D3F0A0D497C8}.Release|ARM.Build.0 = Release|Any CPU
		{28DBB8E6-541F-4130-AF33-D3F0A0D497C8}.Release|iPhone.ActiveCfg = Release|Any CPU
		{28DBB8E6-541F-4130-AF33-D3F0A0D497C8}.Release|iPhone.Build.0 = Release|Any CPU
		{28DBB8E6-541F-4130-AF33-D3F0A0D497C8}.Release|iPhoneSimulator.ActiveCfg = Release|Any CPU
		{28DBB8E6-541F-4130-AF33-D3F0A0D497C8}.Release|iPhoneSimulator.Build.0 = Release|Any CPU
		{28DBB8E6-541F-4130-AF33-D3F0A0D497C8}.Release|x64.ActiveCfg = Release|Any CPU
		{28DBB8E6-541F-4130-AF33-D3F0A0D497C8}.Release|x64.Build.0 = Release|Any CPU
		{28DBB8E6-541F-4130-AF33-D3F0A0D497C8}.Release|x86.ActiveCfg = Release|Any CPU
		{28DBB8E6-541F-4130-AF33-D3F0A0D497C8}.Release|x86.Build.0 = Release|Any CPU
		{A13BEC2D-8E74-46E7-B3AB-F21B8C0600BB}.Ad-Hoc|Any CPU.ActiveCfg = Release|Any CPU
		{A13BEC2D-8E74-46E7-B3AB-F21B8C0600BB}.Ad-Hoc|Any CPU.Build.0 = Release|Any CPU
		{A13BEC2D-8E74-46E7-B3AB-F21B8C0600BB}.Ad-Hoc|Any CPU.Deploy.0 = Release|Any CPU
		{A13BEC2D-8E74-46E7-B3AB-F21B8C0600BB}.Ad-Hoc|ARM.ActiveCfg = Release|Any CPU
		{A13BEC2D-8E74-46E7-B3AB-F21B8C0600BB}.Ad-Hoc|ARM.Build.0 = Release|Any CPU
		{A13BEC2D-8E74-46E7-B3AB-F21B8C0600BB}.Ad-Hoc|ARM.Deploy.0 = Release|Any CPU
		{A13BEC2D-8E74-46E7-B3AB-F21B8C0600BB}.Ad-Hoc|iPhone.ActiveCfg = Release|Any CPU
		{A13BEC2D-8E74-46E7-B3AB-F21B8C0600BB}.Ad-Hoc|iPhone.Build.0 = Release|Any CPU
		{A13BEC2D-8E74-46E7-B3AB-F21B8C0600BB}.Ad-Hoc|iPhone.Deploy.0 = Release|Any CPU
		{A13BEC2D-8E74-46E7-B3AB-F21B8C0600BB}.Ad-Hoc|iPhoneSimulator.ActiveCfg = Release|Any CPU
		{A13BEC2D-8E74-46E7-B3AB-F21B8C0600BB}.Ad-Hoc|iPhoneSimulator.Build.0 = Release|Any CPU
		{A13BEC2D-8E74-46E7-B3AB-F21B8C0600BB}.Ad-Hoc|iPhoneSimulator.Deploy.0 = Release|Any CPU
		{A13BEC2D-8E74-46E7-B3AB-F21B8C0600BB}.Ad-Hoc|x64.ActiveCfg = Release|Any CPU
		{A13BEC2D-8E74-46E7-B3AB-F21B8C0600BB}.Ad-Hoc|x64.Build.0 = Release|Any CPU
		{A13BEC2D-8E74-46E7-B3AB-F21B8C0600BB}.Ad-Hoc|x64.Deploy.0 = Release|Any CPU
		{A13BEC2D-8E74-46E7-B3AB-F21B8C0600BB}.Ad-Hoc|x86.ActiveCfg = Release|Any CPU
		{A13BEC2D-8E74-46E7-B3AB-F21B8C0600BB}.Ad-Hoc|x86.Build.0 = Release|Any CPU
		{A13BEC2D-8E74-46E7-B3AB-F21B8C0600BB}.Ad-Hoc|x86.Deploy.0 = Release|Any CPU
		{A13BEC2D-8E74-46E7-B3AB-F21B8C0600BB}.AppStore|Any CPU.ActiveCfg = Release|Any CPU
		{A13BEC2D-8E74-46E7-B3AB-F21B8C0600BB}.AppStore|Any CPU.Build.0 = Release|Any CPU
		{A13BEC2D-8E74-46E7-B3AB-F21B8C0600BB}.AppStore|Any CPU.Deploy.0 = Release|Any CPU
		{A13BEC2D-8E74-46E7-B3AB-F21B8C0600BB}.AppStore|ARM.ActiveCfg = Release|Any CPU
		{A13BEC2D-8E74-46E7-B3AB-F21B8C0600BB}.AppStore|ARM.Build.0 = Release|Any CPU
		{A13BEC2D-8E74-46E7-B3AB-F21B8C0600BB}.AppStore|ARM.Deploy.0 = Release|Any CPU
		{A13BEC2D-8E74-46E7-B3AB-F21B8C0600BB}.AppStore|iPhone.ActiveCfg = Release|Any CPU
		{A13BEC2D-8E74-46E7-B3AB-F21B8C0600BB}.AppStore|iPhone.Build.0 = Release|Any CPU
		{A13BEC2D-8E74-46E7-B3AB-F21B8C0600BB}.AppStore|iPhone.Deploy.0 = Release|Any CPU
		{A13BEC2D-8E74-46E7-B3AB-F21B8C0600BB}.AppStore|iPhoneSimulator.ActiveCfg = Release|Any CPU
		{A13BEC2D-8E74-46E7-B3AB-F21B8C0600BB}.AppStore|iPhoneSimulator.Build.0 = Release|Any CPU
		{A13BEC2D-8E74-46E7-B3AB-F21B8C0600BB}.AppStore|iPhoneSimulator.Deploy.0 = Release|Any CPU
		{A13BEC2D-8E74-46E7-B3AB-F21B8C0600BB}.AppStore|x64.ActiveCfg = Release|Any CPU
		{A13BEC2D-8E74-46E7-B3AB-F21B8C0600BB}.AppStore|x64.Build.0 = Release|Any CPU
		{A13BEC2D-8E74-46E7-B3AB-F21B8C0600BB}.AppStore|x64.Deploy.0 = Release|Any CPU
		{A13BEC2D-8E74-46E7-B3AB-F21B8C0600BB}.AppStore|x86.ActiveCfg = Release|Any CPU
		{A13BEC2D-8E74-46E7-B3AB-F21B8C0600BB}.AppStore|x86.Build.0 = Release|Any CPU
		{A13BEC2D-8E74-46E7-B3AB-F21B8C0600BB}.AppStore|x86.Deploy.0 = Release|Any CPU
		{A13BEC2D-8E74-46E7-B3AB-F21B8C0600BB}.Debug|Any CPU.ActiveCfg = Debug|Any CPU
		{A13BEC2D-8E74-46E7-B3AB-F21B8C0600BB}.Debug|Any CPU.Build.0 = Debug|Any CPU
		{A13BEC2D-8E74-46E7-B3AB-F21B8C0600BB}.Debug|Any CPU.Deploy.0 = Debug|Any CPU
		{A13BEC2D-8E74-46E7-B3AB-F21B8C0600BB}.Debug|ARM.ActiveCfg = Debug|Any CPU
		{A13BEC2D-8E74-46E7-B3AB-F21B8C0600BB}.Debug|ARM.Build.0 = Debug|Any CPU
		{A13BEC2D-8E74-46E7-B3AB-F21B8C0600BB}.Debug|ARM.Deploy.0 = Debug|Any CPU
		{A13BEC2D-8E74-46E7-B3AB-F21B8C0600BB}.Debug|iPhone.ActiveCfg = Debug|Any CPU
		{A13BEC2D-8E74-46E7-B3AB-F21B8C0600BB}.Debug|iPhone.Build.0 = Debug|Any CPU
		{A13BEC2D-8E74-46E7-B3AB-F21B8C0600BB}.Debug|iPhone.Deploy.0 = Debug|Any CPU
		{A13BEC2D-8E74-46E7-B3AB-F21B8C0600BB}.Debug|iPhoneSimulator.ActiveCfg = Debug|Any CPU
		{A13BEC2D-8E74-46E7-B3AB-F21B8C0600BB}.Debug|iPhoneSimulator.Build.0 = Debug|Any CPU
		{A13BEC2D-8E74-46E7-B3AB-F21B8C0600BB}.Debug|iPhoneSimulator.Deploy.0 = Debug|Any CPU
		{A13BEC2D-8E74-46E7-B3AB-F21B8C0600BB}.Debug|x64.ActiveCfg = Debug|Any CPU
		{A13BEC2D-8E74-46E7-B3AB-F21B8C0600BB}.Debug|x64.Build.0 = Debug|Any CPU
		{A13BEC2D-8E74-46E7-B3AB-F21B8C0600BB}.Debug|x64.Deploy.0 = Debug|Any CPU
		{A13BEC2D-8E74-46E7-B3AB-F21B8C0600BB}.Debug|x86.ActiveCfg = Debug|Any CPU
		{A13BEC2D-8E74-46E7-B3AB-F21B8C0600BB}.Debug|x86.Build.0 = Debug|Any CPU
		{A13BEC2D-8E74-46E7-B3AB-F21B8C0600BB}.Debug|x86.Deploy.0 = Debug|Any CPU
		{A13BEC2D-8E74-46E7-B3AB-F21B8C0600BB}.Release|Any CPU.ActiveCfg = Release|Any CPU
		{A13BEC2D-8E74-46E7-B3AB-F21B8C0600BB}.Release|Any CPU.Build.0 = Release|Any CPU
		{A13BEC2D-8E74-46E7-B3AB-F21B8C0600BB}.Release|Any CPU.Deploy.0 = Release|Any CPU
		{A13BEC2D-8E74-46E7-B3AB-F21B8C0600BB}.Release|ARM.ActiveCfg = Release|Any CPU
		{A13BEC2D-8E74-46E7-B3AB-F21B8C0600BB}.Release|ARM.Build.0 = Release|Any CPU
		{A13BEC2D-8E74-46E7-B3AB-F21B8C0600BB}.Release|ARM.Deploy.0 = Release|Any CPU
		{A13BEC2D-8E74-46E7-B3AB-F21B8C0600BB}.Release|iPhone.ActiveCfg = Release|Any CPU
		{A13BEC2D-8E74-46E7-B3AB-F21B8C0600BB}.Release|iPhone.Build.0 = Release|Any CPU
		{A13BEC2D-8E74-46E7-B3AB-F21B8C0600BB}.Release|iPhone.Deploy.0 = Release|Any CPU
		{A13BEC2D-8E74-46E7-B3AB-F21B8C0600BB}.Release|iPhoneSimulator.ActiveCfg = Release|Any CPU
		{A13BEC2D-8E74-46E7-B3AB-F21B8C0600BB}.Release|iPhoneSimulator.Build.0 = Release|Any CPU
		{A13BEC2D-8E74-46E7-B3AB-F21B8C0600BB}.Release|iPhoneSimulator.Deploy.0 = Release|Any CPU
		{A13BEC2D-8E74-46E7-B3AB-F21B8C0600BB}.Release|x64.ActiveCfg = Release|Any CPU
		{A13BEC2D-8E74-46E7-B3AB-F21B8C0600BB}.Release|x64.Build.0 = Release|Any CPU
		{A13BEC2D-8E74-46E7-B3AB-F21B8C0600BB}.Release|x64.Deploy.0 = Release|Any CPU
		{A13BEC2D-8E74-46E7-B3AB-F21B8C0600BB}.Release|x86.ActiveCfg = Release|Any CPU
		{A13BEC2D-8E74-46E7-B3AB-F21B8C0600BB}.Release|x86.Build.0 = Release|Any CPU
		{A13BEC2D-8E74-46E7-B3AB-F21B8C0600BB}.Release|x86.Deploy.0 = Release|Any CPU
		{11007F18-0271-47B5-AE7F-90122BFA007C}.Ad-Hoc|Any CPU.ActiveCfg = Ad-Hoc|iPhone
		{11007F18-0271-47B5-AE7F-90122BFA007C}.Ad-Hoc|ARM.ActiveCfg = Ad-Hoc|iPhone
		{11007F18-0271-47B5-AE7F-90122BFA007C}.Ad-Hoc|iPhone.ActiveCfg = Ad-Hoc|iPhone
		{11007F18-0271-47B5-AE7F-90122BFA007C}.Ad-Hoc|iPhone.Build.0 = Ad-Hoc|iPhone
		{11007F18-0271-47B5-AE7F-90122BFA007C}.Ad-Hoc|iPhoneSimulator.ActiveCfg = Ad-Hoc|iPhoneSimulator
		{11007F18-0271-47B5-AE7F-90122BFA007C}.Ad-Hoc|iPhoneSimulator.Build.0 = Ad-Hoc|iPhoneSimulator
		{11007F18-0271-47B5-AE7F-90122BFA007C}.Ad-Hoc|x64.ActiveCfg = Ad-Hoc|iPhone
		{11007F18-0271-47B5-AE7F-90122BFA007C}.Ad-Hoc|x86.ActiveCfg = Ad-Hoc|iPhone
		{11007F18-0271-47B5-AE7F-90122BFA007C}.AppStore|Any CPU.ActiveCfg = AppStore|iPhone
		{11007F18-0271-47B5-AE7F-90122BFA007C}.AppStore|ARM.ActiveCfg = AppStore|iPhone
		{11007F18-0271-47B5-AE7F-90122BFA007C}.AppStore|iPhone.ActiveCfg = AppStore|iPhone
		{11007F18-0271-47B5-AE7F-90122BFA007C}.AppStore|iPhone.Build.0 = AppStore|iPhone
		{11007F18-0271-47B5-AE7F-90122BFA007C}.AppStore|iPhoneSimulator.ActiveCfg = AppStore|iPhoneSimulator
		{11007F18-0271-47B5-AE7F-90122BFA007C}.AppStore|iPhoneSimulator.Build.0 = AppStore|iPhoneSimulator
		{11007F18-0271-47B5-AE7F-90122BFA007C}.AppStore|x64.ActiveCfg = AppStore|iPhone
		{11007F18-0271-47B5-AE7F-90122BFA007C}.AppStore|x86.ActiveCfg = AppStore|iPhone
		{11007F18-0271-47B5-AE7F-90122BFA007C}.Debug|Any CPU.ActiveCfg = Debug|iPhone
		{11007F18-0271-47B5-AE7F-90122BFA007C}.Debug|ARM.ActiveCfg = Debug|iPhone
		{11007F18-0271-47B5-AE7F-90122BFA007C}.Debug|iPhone.ActiveCfg = Debug|iPhone
		{11007F18-0271-47B5-AE7F-90122BFA007C}.Debug|iPhone.Build.0 = Debug|iPhone
		{11007F18-0271-47B5-AE7F-90122BFA007C}.Debug|iPhoneSimulator.ActiveCfg = Debug|iPhoneSimulator
		{11007F18-0271-47B5-AE7F-90122BFA007C}.Debug|iPhoneSimulator.Build.0 = Debug|iPhoneSimulator
		{11007F18-0271-47B5-AE7F-90122BFA007C}.Debug|x64.ActiveCfg = Debug|iPhone
		{11007F18-0271-47B5-AE7F-90122BFA007C}.Debug|x86.ActiveCfg = Debug|iPhone
		{11007F18-0271-47B5-AE7F-90122BFA007C}.Release|Any CPU.ActiveCfg = Release|iPhone
		{11007F18-0271-47B5-AE7F-90122BFA007C}.Release|ARM.ActiveCfg = Release|iPhone
		{11007F18-0271-47B5-AE7F-90122BFA007C}.Release|iPhone.ActiveCfg = Release|iPhone
		{11007F18-0271-47B5-AE7F-90122BFA007C}.Release|iPhone.Build.0 = Release|iPhone
		{11007F18-0271-47B5-AE7F-90122BFA007C}.Release|iPhoneSimulator.ActiveCfg = Release|iPhoneSimulator
		{11007F18-0271-47B5-AE7F-90122BFA007C}.Release|iPhoneSimulator.Build.0 = Release|iPhoneSimulator
		{11007F18-0271-47B5-AE7F-90122BFA007C}.Release|x64.ActiveCfg = Release|iPhone
		{11007F18-0271-47B5-AE7F-90122BFA007C}.Release|x86.ActiveCfg = Release|iPhone
		{33C7D96C-6E0E-4F3F-A073-CA31640AC6B5}.Ad-Hoc|Any CPU.ActiveCfg = Release|Any CPU
		{33C7D96C-6E0E-4F3F-A073-CA31640AC6B5}.Ad-Hoc|Any CPU.Build.0 = Release|Any CPU
		{33C7D96C-6E0E-4F3F-A073-CA31640AC6B5}.Ad-Hoc|Any CPU.Deploy.0 = Release|Any CPU
		{33C7D96C-6E0E-4F3F-A073-CA31640AC6B5}.Ad-Hoc|ARM.ActiveCfg = Release|ARM
		{33C7D96C-6E0E-4F3F-A073-CA31640AC6B5}.Ad-Hoc|ARM.Build.0 = Release|ARM
		{33C7D96C-6E0E-4F3F-A073-CA31640AC6B5}.Ad-Hoc|ARM.Deploy.0 = Release|ARM
		{33C7D96C-6E0E-4F3F-A073-CA31640AC6B5}.Ad-Hoc|iPhone.ActiveCfg = Release|Any CPU
		{33C7D96C-6E0E-4F3F-A073-CA31640AC6B5}.Ad-Hoc|iPhone.Build.0 = Release|Any CPU
		{33C7D96C-6E0E-4F3F-A073-CA31640AC6B5}.Ad-Hoc|iPhone.Deploy.0 = Release|Any CPU
		{33C7D96C-6E0E-4F3F-A073-CA31640AC6B5}.Ad-Hoc|iPhoneSimulator.ActiveCfg = Release|Any CPU
		{33C7D96C-6E0E-4F3F-A073-CA31640AC6B5}.Ad-Hoc|iPhoneSimulator.Build.0 = Release|Any CPU
		{33C7D96C-6E0E-4F3F-A073-CA31640AC6B5}.Ad-Hoc|iPhoneSimulator.Deploy.0 = Release|Any CPU
		{33C7D96C-6E0E-4F3F-A073-CA31640AC6B5}.Ad-Hoc|x64.ActiveCfg = Release|Any CPU
		{33C7D96C-6E0E-4F3F-A073-CA31640AC6B5}.Ad-Hoc|x64.Build.0 = Release|Any CPU
		{33C7D96C-6E0E-4F3F-A073-CA31640AC6B5}.Ad-Hoc|x64.Deploy.0 = Release|Any CPU
		{33C7D96C-6E0E-4F3F-A073-CA31640AC6B5}.Ad-Hoc|x86.ActiveCfg = Release|x86
		{33C7D96C-6E0E-4F3F-A073-CA31640AC6B5}.Ad-Hoc|x86.Build.0 = Release|x86
		{33C7D96C-6E0E-4F3F-A073-CA31640AC6B5}.Ad-Hoc|x86.Deploy.0 = Release|x86
		{33C7D96C-6E0E-4F3F-A073-CA31640AC6B5}.AppStore|Any CPU.ActiveCfg = Release|Any CPU
		{33C7D96C-6E0E-4F3F-A073-CA31640AC6B5}.AppStore|Any CPU.Build.0 = Release|Any CPU
		{33C7D96C-6E0E-4F3F-A073-CA31640AC6B5}.AppStore|Any CPU.Deploy.0 = Release|Any CPU
		{33C7D96C-6E0E-4F3F-A073-CA31640AC6B5}.AppStore|ARM.ActiveCfg = Release|ARM
		{33C7D96C-6E0E-4F3F-A073-CA31640AC6B5}.AppStore|ARM.Build.0 = Release|ARM
		{33C7D96C-6E0E-4F3F-A073-CA31640AC6B5}.AppStore|ARM.Deploy.0 = Release|ARM
		{33C7D96C-6E0E-4F3F-A073-CA31640AC6B5}.AppStore|iPhone.ActiveCfg = Release|Any CPU
		{33C7D96C-6E0E-4F3F-A073-CA31640AC6B5}.AppStore|iPhone.Build.0 = Release|Any CPU
		{33C7D96C-6E0E-4F3F-A073-CA31640AC6B5}.AppStore|iPhone.Deploy.0 = Release|Any CPU
		{33C7D96C-6E0E-4F3F-A073-CA31640AC6B5}.AppStore|iPhoneSimulator.ActiveCfg = Release|Any CPU
		{33C7D96C-6E0E-4F3F-A073-CA31640AC6B5}.AppStore|iPhoneSimulator.Build.0 = Release|Any CPU
		{33C7D96C-6E0E-4F3F-A073-CA31640AC6B5}.AppStore|iPhoneSimulator.Deploy.0 = Release|Any CPU
		{33C7D96C-6E0E-4F3F-A073-CA31640AC6B5}.AppStore|x64.ActiveCfg = Release|Any CPU
		{33C7D96C-6E0E-4F3F-A073-CA31640AC6B5}.AppStore|x64.Build.0 = Release|Any CPU
		{33C7D96C-6E0E-4F3F-A073-CA31640AC6B5}.AppStore|x64.Deploy.0 = Release|Any CPU
		{33C7D96C-6E0E-4F3F-A073-CA31640AC6B5}.AppStore|x86.ActiveCfg = Release|x86
		{33C7D96C-6E0E-4F3F-A073-CA31640AC6B5}.AppStore|x86.Build.0 = Release|x86
		{33C7D96C-6E0E-4F3F-A073-CA31640AC6B5}.AppStore|x86.Deploy.0 = Release|x86
		{33C7D96C-6E0E-4F3F-A073-CA31640AC6B5}.Debug|Any CPU.ActiveCfg = Debug|Any CPU
		{33C7D96C-6E0E-4F3F-A073-CA31640AC6B5}.Debug|Any CPU.Build.0 = Debug|Any CPU
		{33C7D96C-6E0E-4F3F-A073-CA31640AC6B5}.Debug|Any CPU.Deploy.0 = Debug|Any CPU
		{33C7D96C-6E0E-4F3F-A073-CA31640AC6B5}.Debug|ARM.ActiveCfg = Debug|ARM
		{33C7D96C-6E0E-4F3F-A073-CA31640AC6B5}.Debug|ARM.Build.0 = Debug|ARM
		{33C7D96C-6E0E-4F3F-A073-CA31640AC6B5}.Debug|ARM.Deploy.0 = Debug|ARM
		{33C7D96C-6E0E-4F3F-A073-CA31640AC6B5}.Debug|iPhone.ActiveCfg = Debug|Any CPU
		{33C7D96C-6E0E-4F3F-A073-CA31640AC6B5}.Debug|iPhone.Build.0 = Debug|Any CPU
		{33C7D96C-6E0E-4F3F-A073-CA31640AC6B5}.Debug|iPhone.Deploy.0 = Debug|Any CPU
		{33C7D96C-6E0E-4F3F-A073-CA31640AC6B5}.Debug|iPhoneSimulator.ActiveCfg = Debug|Any CPU
		{33C7D96C-6E0E-4F3F-A073-CA31640AC6B5}.Debug|iPhoneSimulator.Build.0 = Debug|Any CPU
		{33C7D96C-6E0E-4F3F-A073-CA31640AC6B5}.Debug|iPhoneSimulator.Deploy.0 = Debug|Any CPU
		{33C7D96C-6E0E-4F3F-A073-CA31640AC6B5}.Debug|x64.ActiveCfg = Debug|Any CPU
		{33C7D96C-6E0E-4F3F-A073-CA31640AC6B5}.Debug|x64.Build.0 = Debug|Any CPU
		{33C7D96C-6E0E-4F3F-A073-CA31640AC6B5}.Debug|x64.Deploy.0 = Debug|Any CPU
		{33C7D96C-6E0E-4F3F-A073-CA31640AC6B5}.Debug|x86.ActiveCfg = Debug|x86
		{33C7D96C-6E0E-4F3F-A073-CA31640AC6B5}.Debug|x86.Build.0 = Debug|x86
		{33C7D96C-6E0E-4F3F-A073-CA31640AC6B5}.Debug|x86.Deploy.0 = Debug|x86
		{33C7D96C-6E0E-4F3F-A073-CA31640AC6B5}.Release|Any CPU.ActiveCfg = Release|Any CPU
		{33C7D96C-6E0E-4F3F-A073-CA31640AC6B5}.Release|Any CPU.Build.0 = Release|Any CPU
		{33C7D96C-6E0E-4F3F-A073-CA31640AC6B5}.Release|Any CPU.Deploy.0 = Release|Any CPU
		{33C7D96C-6E0E-4F3F-A073-CA31640AC6B5}.Release|ARM.ActiveCfg = Release|ARM
		{33C7D96C-6E0E-4F3F-A073-CA31640AC6B5}.Release|ARM.Build.0 = Release|ARM
		{33C7D96C-6E0E-4F3F-A073-CA31640AC6B5}.Release|ARM.Deploy.0 = Release|ARM
		{33C7D96C-6E0E-4F3F-A073-CA31640AC6B5}.Release|iPhone.ActiveCfg = Release|Any CPU
		{33C7D96C-6E0E-4F3F-A073-CA31640AC6B5}.Release|iPhone.Build.0 = Release|Any CPU
		{33C7D96C-6E0E-4F3F-A073-CA31640AC6B5}.Release|iPhone.Deploy.0 = Release|Any CPU
		{33C7D96C-6E0E-4F3F-A073-CA31640AC6B5}.Release|iPhoneSimulator.ActiveCfg = Release|Any CPU
		{33C7D96C-6E0E-4F3F-A073-CA31640AC6B5}.Release|iPhoneSimulator.Build.0 = Release|Any CPU
		{33C7D96C-6E0E-4F3F-A073-CA31640AC6B5}.Release|iPhoneSimulator.Deploy.0 = Release|Any CPU
		{33C7D96C-6E0E-4F3F-A073-CA31640AC6B5}.Release|x64.ActiveCfg = Release|Any CPU
		{33C7D96C-6E0E-4F3F-A073-CA31640AC6B5}.Release|x64.Build.0 = Release|Any CPU
		{33C7D96C-6E0E-4F3F-A073-CA31640AC6B5}.Release|x64.Deploy.0 = Release|Any CPU
		{33C7D96C-6E0E-4F3F-A073-CA31640AC6B5}.Release|x86.ActiveCfg = Release|x86
		{33C7D96C-6E0E-4F3F-A073-CA31640AC6B5}.Release|x86.Build.0 = Release|x86
		{33C7D96C-6E0E-4F3F-A073-CA31640AC6B5}.Release|x86.Deploy.0 = Release|x86
		{B18752FA-AF36-4AD9-9BEF-0C8C58D5C16E}.Ad-Hoc|Any CPU.ActiveCfg = Release|Any CPU
		{B18752FA-AF36-4AD9-9BEF-0C8C58D5C16E}.Ad-Hoc|Any CPU.Build.0 = Release|Any CPU
		{B18752FA-AF36-4AD9-9BEF-0C8C58D5C16E}.Ad-Hoc|Any CPU.Deploy.0 = Release|Any CPU
		{B18752FA-AF36-4AD9-9BEF-0C8C58D5C16E}.Ad-Hoc|ARM.ActiveCfg = Release|ARM
		{B18752FA-AF36-4AD9-9BEF-0C8C58D5C16E}.Ad-Hoc|ARM.Build.0 = Release|ARM
		{B18752FA-AF36-4AD9-9BEF-0C8C58D5C16E}.Ad-Hoc|ARM.Deploy.0 = Release|ARM
		{B18752FA-AF36-4AD9-9BEF-0C8C58D5C16E}.Ad-Hoc|iPhone.ActiveCfg = Release|Any CPU
		{B18752FA-AF36-4AD9-9BEF-0C8C58D5C16E}.Ad-Hoc|iPhone.Build.0 = Release|Any CPU
		{B18752FA-AF36-4AD9-9BEF-0C8C58D5C16E}.Ad-Hoc|iPhone.Deploy.0 = Release|Any CPU
		{B18752FA-AF36-4AD9-9BEF-0C8C58D5C16E}.Ad-Hoc|iPhoneSimulator.ActiveCfg = Release|Any CPU
		{B18752FA-AF36-4AD9-9BEF-0C8C58D5C16E}.Ad-Hoc|iPhoneSimulator.Build.0 = Release|Any CPU
		{B18752FA-AF36-4AD9-9BEF-0C8C58D5C16E}.Ad-Hoc|iPhoneSimulator.Deploy.0 = Release|Any CPU
		{B18752FA-AF36-4AD9-9BEF-0C8C58D5C16E}.Ad-Hoc|x64.ActiveCfg = Release|x64
		{B18752FA-AF36-4AD9-9BEF-0C8C58D5C16E}.Ad-Hoc|x64.Build.0 = Release|x64
		{B18752FA-AF36-4AD9-9BEF-0C8C58D5C16E}.Ad-Hoc|x64.Deploy.0 = Release|x64
		{B18752FA-AF36-4AD9-9BEF-0C8C58D5C16E}.Ad-Hoc|x86.ActiveCfg = Release|x86
		{B18752FA-AF36-4AD9-9BEF-0C8C58D5C16E}.Ad-Hoc|x86.Build.0 = Release|x86
		{B18752FA-AF36-4AD9-9BEF-0C8C58D5C16E}.Ad-Hoc|x86.Deploy.0 = Release|x86
		{B18752FA-AF36-4AD9-9BEF-0C8C58D5C16E}.AppStore|Any CPU.ActiveCfg = Release|Any CPU
		{B18752FA-AF36-4AD9-9BEF-0C8C58D5C16E}.AppStore|Any CPU.Build.0 = Release|Any CPU
		{B18752FA-AF36-4AD9-9BEF-0C8C58D5C16E}.AppStore|Any CPU.Deploy.0 = Release|Any CPU
		{B18752FA-AF36-4AD9-9BEF-0C8C58D5C16E}.AppStore|ARM.ActiveCfg = Release|ARM
		{B18752FA-AF36-4AD9-9BEF-0C8C58D5C16E}.AppStore|ARM.Build.0 = Release|ARM
		{B18752FA-AF36-4AD9-9BEF-0C8C58D5C16E}.AppStore|ARM.Deploy.0 = Release|ARM
		{B18752FA-AF36-4AD9-9BEF-0C8C58D5C16E}.AppStore|iPhone.ActiveCfg = Release|Any CPU
		{B18752FA-AF36-4AD9-9BEF-0C8C58D5C16E}.AppStore|iPhone.Build.0 = Release|Any CPU
		{B18752FA-AF36-4AD9-9BEF-0C8C58D5C16E}.AppStore|iPhone.Deploy.0 = Release|Any CPU
		{B18752FA-AF36-4AD9-9BEF-0C8C58D5C16E}.AppStore|iPhoneSimulator.ActiveCfg = Release|Any CPU
		{B18752FA-AF36-4AD9-9BEF-0C8C58D5C16E}.AppStore|iPhoneSimulator.Build.0 = Release|Any CPU
		{B18752FA-AF36-4AD9-9BEF-0C8C58D5C16E}.AppStore|iPhoneSimulator.Deploy.0 = Release|Any CPU
		{B18752FA-AF36-4AD9-9BEF-0C8C58D5C16E}.AppStore|x64.ActiveCfg = Release|x64
		{B18752FA-AF36-4AD9-9BEF-0C8C58D5C16E}.AppStore|x64.Build.0 = Release|x64
		{B18752FA-AF36-4AD9-9BEF-0C8C58D5C16E}.AppStore|x64.Deploy.0 = Release|x64
		{B18752FA-AF36-4AD9-9BEF-0C8C58D5C16E}.AppStore|x86.ActiveCfg = Release|x86
		{B18752FA-AF36-4AD9-9BEF-0C8C58D5C16E}.AppStore|x86.Build.0 = Release|x86
		{B18752FA-AF36-4AD9-9BEF-0C8C58D5C16E}.AppStore|x86.Deploy.0 = Release|x86
		{B18752FA-AF36-4AD9-9BEF-0C8C58D5C16E}.Debug|Any CPU.ActiveCfg = Debug|Any CPU
		{B18752FA-AF36-4AD9-9BEF-0C8C58D5C16E}.Debug|Any CPU.Build.0 = Debug|Any CPU
		{B18752FA-AF36-4AD9-9BEF-0C8C58D5C16E}.Debug|Any CPU.Deploy.0 = Debug|Any CPU
		{B18752FA-AF36-4AD9-9BEF-0C8C58D5C16E}.Debug|ARM.ActiveCfg = Debug|ARM
		{B18752FA-AF36-4AD9-9BEF-0C8C58D5C16E}.Debug|ARM.Build.0 = Debug|ARM
		{B18752FA-AF36-4AD9-9BEF-0C8C58D5C16E}.Debug|ARM.Deploy.0 = Debug|ARM
		{B18752FA-AF36-4AD9-9BEF-0C8C58D5C16E}.Debug|iPhone.ActiveCfg = Debug|Any CPU
		{B18752FA-AF36-4AD9-9BEF-0C8C58D5C16E}.Debug|iPhone.Build.0 = Debug|Any CPU
		{B18752FA-AF36-4AD9-9BEF-0C8C58D5C16E}.Debug|iPhone.Deploy.0 = Debug|Any CPU
		{B18752FA-AF36-4AD9-9BEF-0C8C58D5C16E}.Debug|iPhoneSimulator.ActiveCfg = Debug|Any CPU
		{B18752FA-AF36-4AD9-9BEF-0C8C58D5C16E}.Debug|iPhoneSimulator.Build.0 = Debug|Any CPU
		{B18752FA-AF36-4AD9-9BEF-0C8C58D5C16E}.Debug|iPhoneSimulator.Deploy.0 = Debug|Any CPU
		{B18752FA-AF36-4AD9-9BEF-0C8C58D5C16E}.Debug|x64.ActiveCfg = Debug|x64
		{B18752FA-AF36-4AD9-9BEF-0C8C58D5C16E}.Debug|x64.Build.0 = Debug|x64
		{B18752FA-AF36-4AD9-9BEF-0C8C58D5C16E}.Debug|x64.Deploy.0 = Debug|x64
		{B18752FA-AF36-4AD9-9BEF-0C8C58D5C16E}.Debug|x86.ActiveCfg = Debug|x86
		{B18752FA-AF36-4AD9-9BEF-0C8C58D5C16E}.Debug|x86.Build.0 = Debug|x86
		{B18752FA-AF36-4AD9-9BEF-0C8C58D5C16E}.Debug|x86.Deploy.0 = Debug|x86
		{B18752FA-AF36-4AD9-9BEF-0C8C58D5C16E}.Release|Any CPU.ActiveCfg = Release|Any CPU
		{B18752FA-AF36-4AD9-9BEF-0C8C58D5C16E}.Release|Any CPU.Build.0 = Release|Any CPU
		{B18752FA-AF36-4AD9-9BEF-0C8C58D5C16E}.Release|Any CPU.Deploy.0 = Release|Any CPU
		{B18752FA-AF36-4AD9-9BEF-0C8C58D5C16E}.Release|ARM.ActiveCfg = Release|ARM
		{B18752FA-AF36-4AD9-9BEF-0C8C58D5C16E}.Release|ARM.Build.0 = Release|ARM
		{B18752FA-AF36-4AD9-9BEF-0C8C58D5C16E}.Release|ARM.Deploy.0 = Release|ARM
		{B18752FA-AF36-4AD9-9BEF-0C8C58D5C16E}.Release|iPhone.ActiveCfg = Release|Any CPU
		{B18752FA-AF36-4AD9-9BEF-0C8C58D5C16E}.Release|iPhone.Build.0 = Release|Any CPU
		{B18752FA-AF36-4AD9-9BEF-0C8C58D5C16E}.Release|iPhone.Deploy.0 = Release|Any CPU
		{B18752FA-AF36-4AD9-9BEF-0C8C58D5C16E}.Release|iPhoneSimulator.ActiveCfg = Release|Any CPU
		{B18752FA-AF36-4AD9-9BEF-0C8C58D5C16E}.Release|iPhoneSimulator.Build.0 = Release|Any CPU
		{B18752FA-AF36-4AD9-9BEF-0C8C58D5C16E}.Release|iPhoneSimulator.Deploy.0 = Release|Any CPU
		{B18752FA-AF36-4AD9-9BEF-0C8C58D5C16E}.Release|x64.ActiveCfg = Release|x64
		{B18752FA-AF36-4AD9-9BEF-0C8C58D5C16E}.Release|x64.Build.0 = Release|x64
		{B18752FA-AF36-4AD9-9BEF-0C8C58D5C16E}.Release|x64.Deploy.0 = Release|x64
		{B18752FA-AF36-4AD9-9BEF-0C8C58D5C16E}.Release|x86.ActiveCfg = Release|x86
		{B18752FA-AF36-4AD9-9BEF-0C8C58D5C16E}.Release|x86.Build.0 = Release|x86
		{B18752FA-AF36-4AD9-9BEF-0C8C58D5C16E}.Release|x86.Deploy.0 = Release|x86
	EndGlobalSection
	GlobalSection(SolutionProperties) = preSolution
		HideSolutionNode = FALSE
	EndGlobalSection
EndGlobal
